
Microsoft Visual Studio Solution File, Format Version 12.00
# Visual Studio Version 16
VisualStudioVersion = 16.0.30128.74
MinimumVisualStudioVersion = 10.0.40219.1
Project("{9A19103F-16F7-4668-BE54-9A1E7A4F7556}") = "Binary", "Binary\Binary.csproj", "{94A62F05-0ABF-4FBD-BBC5-B3D0E355F35A}"
EndProject
Project("{9A19103F-16F7-4668-BE54-9A1E7A4F7556}") = "Nikki", "..\Nikki\Nikki\Nikki.csproj", "{C1D4FF24-1928-494E-B167-52E64E143761}"
EndProject
Project("{9A19103F-16F7-4668-BE54-9A1E7A4F7556}") = "ILWrapper", "..\ILWrapper\ILWrapper\ILWrapper.csproj", "{4E1478F8-4624-48B3-BB01-2E686F7F9A2E}"
EndProject
Project("{9A19103F-16F7-4668-BE54-9A1E7A4F7556}") = "Endscript", "..\Endscript\Endscript\Endscript.csproj", "{ACC9EEB0-18B8-4EBA-B9D0-739E9C4501A1}"
EndProject
Global
	GlobalSection(SolutionConfigurationPlatforms) = preSolution
		Debug|Any CPU = Debug|Any CPU
		Release|Any CPU = Release|Any CPU
	EndGlobalSection
	GlobalSection(ProjectConfigurationPlatforms) = postSolution
		{94A62F05-0ABF-4FBD-BBC5-B3D0E355F35A}.Debug|Any CPU.ActiveCfg = Debug|Any CPU
		{94A62F05-0ABF-4FBD-BBC5-B3D0E355F35A}.Debug|Any CPU.Build.0 = Debug|Any CPU
		{94A62F05-0ABF-4FBD-BBC5-B3D0E355F35A}.Release|Any CPU.ActiveCfg = Release|Any CPU
		{94A62F05-0ABF-4FBD-BBC5-B3D0E355F35A}.Release|Any CPU.Build.0 = Release|Any CPU
		{C1D4FF24-1928-494E-B167-52E64E143761}.Debug|Any CPU.ActiveCfg = Debug|Any CPU
		{C1D4FF24-1928-494E-B167-52E64E143761}.Debug|Any CPU.Build.0 = Debug|Any CPU
		{C1D4FF24-1928-494E-B167-52E64E143761}.Release|Any CPU.ActiveCfg = Release|Any CPU
		{C1D4FF24-1928-494E-B167-52E64E143761}.Release|Any CPU.Build.0 = Release|Any CPU
		{4E1478F8-4624-48B3-BB01-2E686F7F9A2E}.Debug|Any CPU.ActiveCfg = Debug|Any CPU
		{4E1478F8-4624-48B3-BB01-2E686F7F9A2E}.Debug|Any CPU.Build.0 = Debug|Any CPU
		{4E1478F8-4624-48B3-BB01-2E686F7F9A2E}.Release|Any CPU.ActiveCfg = Release|Any CPU
		{4E1478F8-4624-48B3-BB01-2E686F7F9A2E}.Release|Any CPU.Build.0 = Release|Any CPU
		{ACC9EEB0-18B8-4EBA-B9D0-739E9C4501A1}.Debug|Any CPU.ActiveCfg = Debug|Any CPU
		{ACC9EEB0-18B8-4EBA-B9D0-739E9C4501A1}.Debug|Any CPU.Build.0 = Debug|Any CPU
		{ACC9EEB0-18B8-4EBA-B9D0-739E9C4501A1}.Release|Any CPU.ActiveCfg = Release|Any CPU
		{ACC9EEB0-18B8-4EBA-B9D0-739E9C4501A1}.Release|Any CPU.Build.0 = Release|Any CPU
	EndGlobalSection
	GlobalSection(SolutionProperties) = preSolution
		HideSolutionNode = FALSE
	EndGlobalSection
	GlobalSection(ExtensibilityGlobals) = postSolution
		SolutionGuid = {7C0E8F9D-0C7F-4F33-A602-0677144C782B}
	EndGlobalSection
EndGlobal
